# This file is generated by running "yarn install" inside your project.
# Manual changes might be lost - proceed with caution!

__metadata:
  version: 8
  cacheKey: 10c0

"@adraffy/ens-normalize@npm:1.10.1":
  version: 1.10.1
  resolution: "@adraffy/ens-normalize@npm:1.10.1"
  checksum: 10c0/fdd647604e8fac6204921888aaf5a6bc65eabf0d2921bc5f93b64d01f4bc33ead167c1445f7de05468d05cd92ac31b74c68d2be840c62b79d73693308f885c06
  languageName: node
  linkType: hard

"@cloudflare/workers-types@npm:^4.20250801.0":
  version: 4.20250801.0
  resolution: "@cloudflare/workers-types@npm:4.20250801.0"
  checksum: 10c0/c841caa915adfcde061b3fe54156db4c24c193e14b6213c2e9ea9d574139acd7dacfd1e743e724eb65cfa878869e3b71aece1719d664c9c895e1e9149451993c
  languageName: node
  linkType: hard

"@noble/curves@npm:1.2.0":
  version: 1.2.0
  resolution: "@noble/curves@npm:1.2.0"
  dependencies:
    "@noble/hashes": "npm:1.3.2"
  checksum: 10c0/0bac7d1bbfb3c2286910b02598addd33243cb97c3f36f987ecc927a4be8d7d88e0fcb12b0f0ef8a044e7307d1844dd5c49bb724bfa0a79c8ec50ba60768c97f6
  languageName: node
  linkType: hard

"@noble/hashes@npm:1.3.2":
  version: 1.3.2
  resolution: "@noble/hashes@npm:1.3.2"
  checksum: 10c0/2482cce3bce6a596626f94ca296e21378e7a5d4c09597cbc46e65ffacc3d64c8df73111f2265444e36a3168208628258bbbaccba2ef24f65f58b2417638a20e7
  languageName: node
  linkType: hard

"@types/node@npm:22.7.5":
  version: 22.7.5
  resolution: "@types/node@npm:22.7.5"
  dependencies:
    undici-types: "npm:~6.19.2"
  checksum: 10c0/cf11f74f1a26053ec58066616e3a8685b6bcd7259bc569738b8f752009f9f0f7f85a1b2d24908e5b0f752482d1e8b6babdf1fbb25758711ec7bb9500bfcd6e60
  languageName: node
  linkType: hard

"@types/node@npm:^20.2.5":
  version: 20.19.9
  resolution: "@types/node@npm:20.19.9"
  dependencies:
    undici-types: "npm:~6.21.0"
  checksum: 10c0/c6738131f1698258a5ac1e0185e4fc56977f7f566cd0ee11167f93f2339478470257bd82c5e1908a936a204e0ad7996d741356a1a07c04997a236161ea23a874
  languageName: node
  linkType: hard

"abi-coder@npm:^5.0.0":
  version: 5.0.0
  resolution: "abi-coder@npm:5.0.0"
  peerDependencies:
    ethers: ^6.0.0
  checksum: 10c0/58e351a27741d6f146382980b84395a46ee57d8583954fcbaacd8e42ab66fd603fb5ce55caa378c654f0603d425d6923dc9123791ac5ba89271c6f11f170271b
  languageName: node
  linkType: hard

"aes-js@npm:4.0.0-beta.5":
  version: 4.0.0-beta.5
  resolution: "aes-js@npm:4.0.0-beta.5"
  checksum: 10c0/444f4eefa1e602cbc4f2a3c644bc990f93fd982b148425fee17634da510586fc09da940dcf8ace1b2d001453c07ff042e55f7a0482b3cc9372bf1ef75479090c
  languageName: node
  linkType: hard

"ethcall@npm:^6.0.6":
  version: 6.0.6
  resolution: "ethcall@npm:6.0.6"
  dependencies:
    "@types/node": "npm:^20.2.5"
    abi-coder: "npm:^5.0.0"
  peerDependencies:
    ethers: ^6.0.0
  checksum: 10c0/1428c678c2f63fd6448357f5012ff83c0fd6cd4d44940d9a81747341cb49c4d4fe9843d62f7b16c1b04e1990e4b148702a37428c3cccd6ff6b70bab9c6b30eb9
  languageName: node
  linkType: hard

"ethers@npm:^6.15.0":
  version: 6.15.0
  resolution: "ethers@npm:6.15.0"
  dependencies:
    "@adraffy/ens-normalize": "npm:1.10.1"
    "@noble/curves": "npm:1.2.0"
    "@noble/hashes": "npm:1.3.2"
    "@types/node": "npm:22.7.5"
    aes-js: "npm:4.0.0-beta.5"
    tslib: "npm:2.7.0"
    ws: "npm:8.17.1"
  checksum: 10c0/0a4581b662fe46a889a524d3aba43dc6f0ac59b3ae08dce678ee4b5799aab4906109ab24684c9644deedfc9d6e79b59faccecbeda9b6b7ceb085724d596a49e9
  languageName: node
  linkType: hard

"hono@npm:^4.8.9":
  version: 4.8.9
  resolution: "hono@npm:4.8.9"
  checksum: 10c0/385539d1787fdc747bc869ef0e5ccc9f39cbe40289b94f23eecfc82c6ca440f059704647cd6381a5066d2cf7baa43ab25184c78d44af4c5c98a5c5b07670059e
  languageName: node
  linkType: hard

"lending-backend@workspace:.":
  version: 0.0.0-use.local
  resolution: "lending-backend@workspace:."
  dependencies:
    "@cloudflare/workers-types": "npm:^4.20250801.0"
    ethcall: "npm:^6.0.6"
    ethers: "npm:^6.15.0"
    hono: "npm:^4.8.9"
    typescript: "npm:^5.8.3"
  languageName: unknown
  linkType: soft

"tslib@npm:2.7.0":
  version: 2.7.0
  resolution: "tslib@npm:2.7.0"
  checksum: 10c0/469e1d5bf1af585742128827000711efa61010b699cb040ab1800bcd3ccdd37f63ec30642c9e07c4439c1db6e46345582614275daca3e0f4abae29b0083f04a6
  languageName: node
  linkType: hard

"typescript@npm:^5.8.3":
  version: 5.8.3
  resolution: "typescript@npm:5.8.3"
  bin:
    tsc: bin/tsc
    tsserver: bin/tsserver
  checksum: 10c0/5f8bb01196e542e64d44db3d16ee0e4063ce4f3e3966df6005f2588e86d91c03e1fb131c2581baf0fb65ee79669eea6e161cd448178986587e9f6844446dbb48
  languageName: node
  linkType: hard

"typescript@patch:typescript@npm%3A^5.8.3#optional!builtin<compat/typescript>":
  version: 5.8.3
  resolution: "typescript@patch:typescript@npm%3A5.8.3#optional!builtin<compat/typescript>::version=5.8.3&hash=5786d5"
  bin:
    tsc: bin/tsc
    tsserver: bin/tsserver
  checksum: 10c0/39117e346ff8ebd87ae1510b3a77d5d92dae5a89bde588c747d25da5c146603a99c8ee588c7ef80faaf123d89ed46f6dbd918d534d641083177d5fac38b8a1cb
  languageName: node
  linkType: hard

"undici-types@npm:~6.19.2":
  version: 6.19.8
  resolution: "undici-types@npm:6.19.8"
  checksum: 10c0/078afa5990fba110f6824823ace86073b4638f1d5112ee26e790155f481f2a868cc3e0615505b6f4282bdf74a3d8caad715fd809e870c2bb0704e3ea6082f344
  languageName: node
  linkType: hard

"undici-types@npm:~6.21.0":
  version: 6.21.0
  resolution: "undici-types@npm:6.21.0"
  checksum: 10c0/c01ed51829b10aa72fc3ce64b747f8e74ae9b60eafa19a7b46ef624403508a54c526ffab06a14a26b3120d055e1104d7abe7c9017e83ced038ea5cf52f8d5e04
  languageName: node
  linkType: hard

"ws@npm:8.17.1":
  version: 8.17.1
  resolution: "ws@npm:8.17.1"
  peerDependencies:
    bufferutil: ^4.0.1
    utf-8-validate: ">=5.0.2"
  peerDependenciesMeta:
    bufferutil:
      optional: true
    utf-8-validate:
      optional: true
  checksum: 10c0/f4a49064afae4500be772abdc2211c8518f39e1c959640457dcee15d4488628620625c783902a52af2dd02f68558da2868fd06e6fd0e67ebcd09e6881b1b5bfe
  languageName: node
  linkType: hard
